
Microsoft Visual Studio Solution File, Format Version 12.00
# Visual Studio Express 2012 for Windows Desktop
Project("{FAE04EC0-301F-11D3-BF4B-00C04F79EFBC}") = "SEBench.Sample", "SEBench.Sample\SEBench.Sample.csproj", "{A35EF24B-9E8A-4EC9-80B9-E7609EB5A06C}"
EndProject
Global
	GlobalSection(SolutionConfigurationPlatforms) = preSolution
		Debug|Any CPU = Debug|Any CPU
		Release|Any CPU = Release|Any CPU
	EndGlobalSection
	GlobalSection(ProjectConfigurationPlatforms) = postSolution
		{A35EF24B-9E8A-4EC9-80B9-E7609EB5A06C}.Debug|Any CPU.ActiveCfg = Debug|Any CPU
		{A35EF24B-9E8A-4EC9-80B9-E7609EB5A06C}.Debug|Any CPU.Build.0 = Debug|Any CPU
		{A35EF24B-9E8A-4EC9-80B9-E7609EB5A06C}.Release|Any CPU.ActiveCfg = Release|Any CPU
		{A35EF24B-9E8A-4EC9-80B9-E7609EB5A06C}.Release|Any CPU.Build.0 = Release|Any CPU
	EndGlobalSection
	GlobalSection(SolutionProperties) = preSolution
		HideSolutionNode = FALSE
	EndGlobalSection
EndGlobal
